// !$*UTF8*$!
{
	archiveVersion = 1;
	classes = {
	};
	objectVersion = 56;
	objects = {

/* Begin PBXBuildFile section */
		0976D3CA2C5C88D90096744D /* Date.swift in Sources */ = {isa = PBXBuildFile; fileRef = 0976D3C92C5C88D90096744D /* Date.swift */; };
		0976D3CC2C5C88FF0096744D /* Event.swift in Sources */ = {isa = PBXBuildFile; fileRef = 0976D3CB2C5C88FF0096744D /* Event.swift */; };
		0976D3CE2C5C89220096744D /* EventStore.swift in Sources */ = {isa = PBXBuildFile; fileRef = 0976D3CD2C5C89220096744D /* EventStore.swift */; };
		0976D3D02C5C89430096744D /* EventFormType.swift in Sources */ = {isa = PBXBuildFile; fileRef = 0976D3CF2C5C89420096744D /* EventFormType.swift */; };
		0976D3D22C5C89820096744D /* EventFormView.swift in Sources */ = {isa = PBXBuildFile; fileRef = 0976D3D12C5C89820096744D /* EventFormView.swift */; };
		0976D3D42C5C89A60096744D /* EventFormViewModel.swift in Sources */ = {isa = PBXBuildFile; fileRef = 0976D3D32C5C89A60096744D /* EventFormViewModel.swift */; };
		0976D3D62C5C89D20096744D /* ListViewRow.swift in Sources */ = {isa = PBXBuildFile; fileRef = 0976D3D52C5C89D20096744D /* ListViewRow.swift */; };
		0976D3D82C5C89E50096744D /* CalendarView.swift in Sources */ = {isa = PBXBuildFile; fileRef = 0976D3D72C5C89E50096744D /* CalendarView.swift */; };
		0976D3DA2C5C89F40096744D /* CalendarScreen.swift in Sources */ = {isa = PBXBuildFile; fileRef = 0976D3D92C5C89F40096744D /* CalendarScreen.swift */; };
		0976D3DC2C5C8A300096744D /* DaysEventsListView.swift in Sources */ = {isa = PBXBuildFile; fileRef = 0976D3DB2C5C8A300096744D /* DaysEventsListView.swift */; };
		0976D3DF2C5C8BA60096744D /* HomeScreen.swift in Sources */ = {isa = PBXBuildFile; fileRef = 0976D3DE2C5C8BA60096744D /* HomeScreen.swift */; };
		0976D3E32C5C8BFB0096744D /* Tasks.swift in Sources */ = {isa = PBXBuildFile; fileRef = 0976D3E22C5C8BFB0096744D /* Tasks.swift */; };
		0976D3E52C5C8C280096744D /* NewToDoView.swift in Sources */ = {isa = PBXBuildFile; fileRef = 0976D3E42C5C8C280096744D /* NewToDoView.swift */; };
		0976D3E72C5C8C3F0096744D /* ToDoItem.swift in Sources */ = {isa = PBXBuildFile; fileRef = 0976D3E62C5C8C3F0096744D /* ToDoItem.swift */; };
		0976D3E92C5C8C650096744D /* Journal.swift in Sources */ = {isa = PBXBuildFile; fileRef = 0976D3E82C5C8C650096744D /* Journal.swift */; };
		0976D3EB2C5C8C760096744D /* NewEntryView.swift in Sources */ = {isa = PBXBuildFile; fileRef = 0976D3EA2C5C8C760096744D /* NewEntryView.swift */; };
		0976D3ED2C5C8C990096744D /* EntryItem.swift in Sources */ = {isa = PBXBuildFile; fileRef = 0976D3EC2C5C8C990096744D /* EntryItem.swift */; };
		7D34C77C2C5C828100D803EB /* MindSpaceApp.swift in Sources */ = {isa = PBXBuildFile; fileRef = 7D34C77B2C5C828100D803EB /* MindSpaceApp.swift */; };
		7D34C77E2C5C828100D803EB /* ContentView.swift in Sources */ = {isa = PBXBuildFile; fileRef = 7D34C77D2C5C828100D803EB /* ContentView.swift */; };
		7D34C7802C5C828400D803EB /* Assets.xcassets in Resources */ = {isa = PBXBuildFile; fileRef = 7D34C77F2C5C828400D803EB /* Assets.xcassets */; };
		7D34C7832C5C828400D803EB /* Preview Assets.xcassets in Resources */ = {isa = PBXBuildFile; fileRef = 7D34C7822C5C828400D803EB /* Preview Assets.xcassets */; };
		7D34C78B2C5C85F500D803EB /* MentalHealthScreen.swift in Sources */ = {isa = PBXBuildFile; fileRef = 7D34C78A2C5C85F500D803EB /* MentalHealthScreen.swift */; };
		7D34C78D2C5C867400D803EB /* Mental.swift in Sources */ = {isa = PBXBuildFile; fileRef = 7D34C78C2C5C867400D803EB /* Mental.swift */; };
		7D34C78F2C5C86A400D803EB /* ResultsView.swift in Sources */ = {isa = PBXBuildFile; fileRef = 7D34C78E2C5C86A400D803EB /* ResultsView.swift */; };
		7D34C7912C5C86CB00D803EB /* QuestionView.swift in Sources */ = {isa = PBXBuildFile; fileRef = 7D34C7902C5C86CB00D803EB /* QuestionView.swift */; };
		7D34C7932C5C86DA00D803EB /* SurveyQuestion.swift in Sources */ = {isa = PBXBuildFile; fileRef = 7D34C7922C5C86DA00D803EB /* SurveyQuestion.swift */; };
		7D34C7F02C5D277300D803EB /* Klasik Regular.otf in Resources */ = {isa = PBXBuildFile; fileRef = 7D34C7EF2C5D277300D803EB /* Klasik Regular.otf */; };
/* End PBXBuildFile section */

/* Begin PBXFileReference section */
		0976D3C92C5C88D90096744D /* Date.swift */ = {isa = PBXFileReference; lastKnownFileType = sourcecode.swift; path = Date.swift; sourceTree = "<group>"; };
		0976D3CB2C5C88FF0096744D /* Event.swift */ = {isa = PBXFileReference; lastKnownFileType = sourcecode.swift; path = Event.swift; sourceTree = "<group>"; };
		0976D3CD2C5C89220096744D /* EventStore.swift */ = {isa = PBXFileReference; lastKnownFileType = sourcecode.swift; path = EventStore.swift; sourceTree = "<group>"; };
		0976D3CF2C5C89420096744D /* EventFormType.swift */ = {isa = PBXFileReference; lastKnownFileType = sourcecode.swift; path = EventFormType.swift; sourceTree = "<group>"; };
		0976D3D12C5C89820096744D /* EventFormView.swift */ = {isa = PBXFileReference; lastKnownFileType = sourcecode.swift; path = EventFormView.swift; sourceTree = "<group>"; };
		0976D3D32C5C89A60096744D /* EventFormViewModel.swift */ = {isa = PBXFileReference; lastKnownFileType = sourcecode.swift; path = EventFormViewModel.swift; sourceTree = "<group>"; };
		0976D3D52C5C89D20096744D /* ListViewRow.swift */ = {isa = PBXFileReference; lastKnownFileType = sourcecode.swift; path = ListViewRow.swift; sourceTree = "<group>"; };
		0976D3D72C5C89E50096744D /* CalendarView.swift */ = {isa = PBXFileReference; lastKnownFileType = sourcecode.swift; path = CalendarView.swift; sourceTree = "<group>"; };
		0976D3D92C5C89F40096744D /* CalendarScreen.swift */ = {isa = PBXFileReference; lastKnownFileType = sourcecode.swift; path = CalendarScreen.swift; sourceTree = "<group>"; };
		0976D3DB2C5C8A300096744D /* DaysEventsListView.swift */ = {isa = PBXFileReference; lastKnownFileType = sourcecode.swift; path = DaysEventsListView.swift; sourceTree = "<group>"; };
		0976D3DE2C5C8BA60096744D /* HomeScreen.swift */ = {isa = PBXFileReference; lastKnownFileType = sourcecode.swift; path = HomeScreen.swift; sourceTree = "<group>"; };
		0976D3E22C5C8BFB0096744D /* Tasks.swift */ = {isa = PBXFileReference; lastKnownFileType = sourcecode.swift; path = Tasks.swift; sourceTree = "<group>"; };
		0976D3E42C5C8C280096744D /* NewToDoView.swift */ = {isa = PBXFileReference; lastKnownFileType = sourcecode.swift; path = NewToDoView.swift; sourceTree = "<group>"; };
		0976D3E62C5C8C3F0096744D /* ToDoItem.swift */ = {isa = PBXFileReference; lastKnownFileType = sourcecode.swift; path = ToDoItem.swift; sourceTree = "<group>"; };
		0976D3E82C5C8C650096744D /* Journal.swift */ = {isa = PBXFileReference; lastKnownFileType = sourcecode.swift; path = Journal.swift; sourceTree = "<group>"; };
		0976D3EA2C5C8C760096744D /* NewEntryView.swift */ = {isa = PBXFileReference; lastKnownFileType = sourcecode.swift; path = NewEntryView.swift; sourceTree = "<group>"; };
		0976D3EC2C5C8C990096744D /* EntryItem.swift */ = {isa = PBXFileReference; lastKnownFileType = sourcecode.swift; path = EntryItem.swift; sourceTree = "<group>"; };
		7D34C7782C5C828100D803EB /* MindSpace.app */ = {isa = PBXFileReference; explicitFileType = wrapper.application; includeInIndex = 0; path = MindSpace.app; sourceTree = BUILT_PRODUCTS_DIR; };
		7D34C77B2C5C828100D803EB /* MindSpaceApp.swift */ = {isa = PBXFileReference; lastKnownFileType = sourcecode.swift; path = MindSpaceApp.swift; sourceTree = "<group>"; };
		7D34C77D2C5C828100D803EB /* ContentView.swift */ = {isa = PBXFileReference; lastKnownFileType = sourcecode.swift; path = ContentView.swift; sourceTree = "<group>"; };
		7D34C77F2C5C828400D803EB /* Assets.xcassets */ = {isa = PBXFileReference; lastKnownFileType = folder.assetcatalog; path = Assets.xcassets; sourceTree = "<group>"; };
		7D34C7822C5C828400D803EB /* Preview Assets.xcassets */ = {isa = PBXFileReference; lastKnownFileType = folder.assetcatalog; path = "Preview Assets.xcassets"; sourceTree = "<group>"; };
		7D34C78A2C5C85F500D803EB /* MentalHealthScreen.swift */ = {isa = PBXFileReference; lastKnownFileType = sourcecode.swift; path = MentalHealthScreen.swift; sourceTree = "<group>"; };
		7D34C78C2C5C867400D803EB /* Mental.swift */ = {isa = PBXFileReference; lastKnownFileType = sourcecode.swift; path = Mental.swift; sourceTree = "<group>"; };
		7D34C78E2C5C86A400D803EB /* ResultsView.swift */ = {isa = PBXFileReference; lastKnownFileType = sourcecode.swift; path = ResultsView.swift; sourceTree = "<group>"; };
		7D34C7902C5C86CB00D803EB /* QuestionView.swift */ = {isa = PBXFileReference; lastKnownFileType = sourcecode.swift; path = QuestionView.swift; sourceTree = "<group>"; };
		7D34C7922C5C86DA00D803EB /* SurveyQuestion.swift */ = {isa = PBXFileReference; lastKnownFileType = sourcecode.swift; path = SurveyQuestion.swift; sourceTree = "<group>"; };
		7D34C7EF2C5D277300D803EB /* Klasik Regular.otf */ = {isa = PBXFileReference; lastKnownFileType = file; name = "Klasik Regular.otf"; path = "../../../../../Downloads/Klasik_Font/Klasik Regular.otf"; sourceTree = "<group>"; };
		7D34C7F12C5D278200D803EB /* Klasik Regular.otf */ = {isa = PBXFileReference; lastKnownFileType = file; name = "Klasik Regular.otf"; path = "../../../../Downloads/Klasik_Font/Klasik Regular.otf"; sourceTree = "<group>"; };
/* End PBXFileReference section */

/* Begin PBXFrameworksBuildPhase section */
		7D34C7752C5C828100D803EB /* Frameworks */ = {
			isa = PBXFrameworksBuildPhase;
			buildActionMask = 2147483647;
			files = (
			);
			runOnlyForDeploymentPostprocessing = 0;
		};
/* End PBXFrameworksBuildPhase section */

/* Begin PBXGroup section */
		0976D3C72C5C88B30096744D /* Calendar */ = {
			isa = PBXGroup;
			children = (
				0976D3C82C5C88BD0096744D /* Calendar Resources */,
				0976D3D72C5C89E50096744D /* CalendarView.swift */,
				0976D3DB2C5C8A300096744D /* DaysEventsListView.swift */,
				0976D3D92C5C89F40096744D /* CalendarScreen.swift */,
			);
			path = Calendar;
			sourceTree = "<group>";
		};
		0976D3C82C5C88BD0096744D /* Calendar Resources */ = {
			isa = PBXGroup;
			children = (
				0976D3C92C5C88D90096744D /* Date.swift */,
				0976D3CB2C5C88FF0096744D /* Event.swift */,
				0976D3CD2C5C89220096744D /* EventStore.swift */,
				0976D3CF2C5C89420096744D /* EventFormType.swift */,
				0976D3D12C5C89820096744D /* EventFormView.swift */,
				0976D3D32C5C89A60096744D /* EventFormViewModel.swift */,
				0976D3D52C5C89D20096744D /* ListViewRow.swift */,
			);
			path = "Calendar Resources";
			sourceTree = "<group>";
		};
		0976D3DD2C5C8B960096744D /* Home Screen */ = {
			isa = PBXGroup;
			children = (
				0976D3DE2C5C8BA60096744D /* HomeScreen.swift */,
				0976D3E12C5C8BE90096744D /* Journal */,
				0976D3E02C5C8BE20096744D /* Tasks */,
			);
			path = "Home Screen";
			sourceTree = "<group>";
		};
		0976D3E02C5C8BE20096744D /* Tasks */ = {
			isa = PBXGroup;
			children = (
				0976D3E22C5C8BFB0096744D /* Tasks.swift */,
				0976D3E42C5C8C280096744D /* NewToDoView.swift */,
				0976D3E62C5C8C3F0096744D /* ToDoItem.swift */,
			);
			path = Tasks;
			sourceTree = "<group>";
		};
		0976D3E12C5C8BE90096744D /* Journal */ = {
			isa = PBXGroup;
			children = (
				0976D3E82C5C8C650096744D /* Journal.swift */,
				0976D3EA2C5C8C760096744D /* NewEntryView.swift */,
				0976D3EC2C5C8C990096744D /* EntryItem.swift */,
			);
			path = Journal;
			sourceTree = "<group>";
		};
		7D34C76F2C5C828100D803EB = {
			isa = PBXGroup;
			children = (
				7D34C77A2C5C828100D803EB /* MindSpace */,
				7D34C7792C5C828100D803EB /* Products */,
			);
			sourceTree = "<group>";
		};
		7D34C7792C5C828100D803EB /* Products */ = {
			isa = PBXGroup;
			children = (
				7D34C7782C5C828100D803EB /* MindSpace.app */,
			);
			name = Products;
			sourceTree = "<group>";
		};
		7D34C77A2C5C828100D803EB /* MindSpace */ = {
			isa = PBXGroup;
			children = (
				7D34C7F12C5D278200D803EB /* Klasik Regular.otf */,
				7D34C77B2C5C828100D803EB /* MindSpaceApp.swift */,
				7D34C77D2C5C828100D803EB /* ContentView.swift */,
				0976D3DD2C5C8B960096744D /* Home Screen */,
				0976D3C72C5C88B30096744D /* Calendar */,
				7D34C7892C5C853A00D803EB /* Mental Health */,
				7D34C77F2C5C828400D803EB /* Assets.xcassets */,
				7D34C7812C5C828400D803EB /* Preview Content */,
			);
			path = MindSpace;
			sourceTree = "<group>";
		};
		7D34C7812C5C828400D803EB /* Preview Content */ = {
			isa = PBXGroup;
			children = (
				7D34C7EF2C5D277300D803EB /* Klasik Regular.otf */,
				7D34C7822C5C828400D803EB /* Preview Assets.xcassets */,
			);
			path = "Preview Content";
			sourceTree = "<group>";
		};
		7D34C7892C5C853A00D803EB /* Mental Health */ = {
			isa = PBXGroup;
			children = (
				7D34C78A2C5C85F500D803EB /* MentalHealthScreen.swift */,
				7D34C78C2C5C867400D803EB /* Mental.swift */,
				7D34C7902C5C86CB00D803EB /* QuestionView.swift */,
				7D34C78E2C5C86A400D803EB /* ResultsView.swift */,
				7D34C7922C5C86DA00D803EB /* SurveyQuestion.swift */,
			);
			path = "Mental Health";
			sourceTree = "<group>";
		};
/* End PBXGroup section */

/* Begin PBXNativeTarget section */
		7D34C7772C5C828100D803EB /* MindSpace */ = {
			isa = PBXNativeTarget;
			buildConfigurationList = 7D34C7862C5C828400D803EB /* Build configuration list for PBXNativeTarget "MindSpace" */;
			buildPhases = (
				7D34C7742C5C828100D803EB /* Sources */,
				7D34C7752C5C828100D803EB /* Frameworks */,
				7D34C7762C5C828100D803EB /* Resources */,
			);
			buildRules = (
			);
			dependencies = (
			);
			name = MindSpace;
			productName = MindSpace;
			productReference = 7D34C7782C5C828100D803EB /* MindSpace.app */;
			productType = "com.apple.product-type.application";
		};
/* End PBXNativeTarget section */

/* Begin PBXProject section */
		7D34C7702C5C828100D803EB /* Project object */ = {
			isa = PBXProject;
			attributes = {
				BuildIndependentTargetsInParallel = 1;
				LastSwiftUpdateCheck = 1540;
				LastUpgradeCheck = 1540;
				TargetAttributes = {
					7D34C7772C5C828100D803EB = {
						CreatedOnToolsVersion = 15.4;
					};
				};
			};
			buildConfigurationList = 7D34C7732C5C828100D803EB /* Build configuration list for PBXProject "MindSpace" */;
			compatibilityVersion = "Xcode 14.0";
			developmentRegion = en;
			hasScannedForEncodings = 0;
			knownRegions = (
				en,
				Base,
			);
			mainGroup = 7D34C76F2C5C828100D803EB;
			productRefGroup = 7D34C7792C5C828100D803EB /* Products */;
			projectDirPath = "";
			projectRoot = "";
			targets = (
				7D34C7772C5C828100D803EB /* MindSpace */,
			);
		};
/* End PBXProject section */

/* Begin PBXResourcesBuildPhase section */
		7D34C7762C5C828100D803EB /* Resources */ = {
			isa = PBXResourcesBuildPhase;
			buildActionMask = 2147483647;
			files = (
				7D34C7F02C5D277300D803EB /* Klasik Regular.otf in Resources */,
				7D34C7832C5C828400D803EB /* Preview Assets.xcassets in Resources */,
				7D34C7802C5C828400D803EB /* Assets.xcassets in Resources */,
			);
			runOnlyForDeploymentPostprocessing = 0;
		};
/* End PBXResourcesBuildPhase section */

/* Begin PBXSourcesBuildPhase section */
		7D34C7742C5C828100D803EB /* Sources */ = {
			isa = PBXSourcesBuildPhase;
			buildActionMask = 2147483647;
			files = (
				0976D3CE2C5C89220096744D /* EventStore.swift in Sources */,
				0976D3D62C5C89D20096744D /* ListViewRow.swift in Sources */,
				0976D3E72C5C8C3F0096744D /* ToDoItem.swift in Sources */,
				7D34C78D2C5C867400D803EB /* Mental.swift in Sources */,
				0976D3CC2C5C88FF0096744D /* Event.swift in Sources */,
				0976D3DC2C5C8A300096744D /* DaysEventsListView.swift in Sources */,
				0976D3D22C5C89820096744D /* EventFormView.swift in Sources */,
				0976D3E92C5C8C650096744D /* Journal.swift in Sources */,
				0976D3D82C5C89E50096744D /* CalendarView.swift in Sources */,
				0976D3E32C5C8BFB0096744D /* Tasks.swift in Sources */,
				7D34C77E2C5C828100D803EB /* ContentView.swift in Sources */,
				0976D3ED2C5C8C990096744D /* EntryItem.swift in Sources */,
				7D34C77C2C5C828100D803EB /* MindSpaceApp.swift in Sources */,
				0976D3CA2C5C88D90096744D /* Date.swift in Sources */,
				0976D3DA2C5C89F40096744D /* CalendarScreen.swift in Sources */,
				7D34C78F2C5C86A400D803EB /* ResultsView.swift in Sources */,
				7D34C7912C5C86CB00D803EB /* QuestionView.swift in Sources */,
				7D34C7932C5C86DA00D803EB /* SurveyQuestion.swift in Sources */,
				0976D3E52C5C8C280096744D /* NewToDoView.swift in Sources */,
				0976D3EB2C5C8C760096744D /* NewEntryView.swift in Sources */,
				0976D3DF2C5C8BA60096744D /* HomeScreen.swift in Sources */,
				7D34C78B2C5C85F500D803EB /* MentalHealthScreen.swift in Sources */,
				0976D3D02C5C89430096744D /* EventFormType.swift in Sources */,
				0976D3D42C5C89A60096744D /* EventFormViewModel.swift in Sources */,
			);
			runOnlyForDeploymentPostprocessing = 0;
		};
/* End PBXSourcesBuildPhase section */

/* Begin XCBuildConfiguration section */
		7D34C7842C5C828400D803EB /* Debug */ = {
			isa = XCBuildConfiguration;
			buildSettings = {
				ALWAYS_SEARCH_USER_PATHS = NO;
				ASSETCATALOG_COMPILER_GENERATE_SWIFT_ASSET_SYMBOL_EXTENSIONS = YES;
				CLANG_ANALYZER_NONNULL = YES;
				CLANG_ANALYZER_NUMBER_OBJECT_CONVERSION = YES_AGGRESSIVE;
				CLANG_CXX_LANGUAGE_STANDARD = "gnu++20";
				CLANG_ENABLE_MODULES = YES;
				CLANG_ENABLE_OBJC_ARC = YES;
				CLANG_ENABLE_OBJC_WEAK = YES;
				CLANG_WARN_BLOCK_CAPTURE_AUTORELEASING = YES;
				CLANG_WARN_BOOL_CONVERSION = YES;
				CLANG_WARN_COMMA = YES;
				CLANG_WARN_CONSTANT_CONVERSION = YES;
				CLANG_WARN_DEPRECATED_OBJC_IMPLEMENTATIONS = YES;
				CLANG_WARN_DIRECT_OBJC_ISA_USAGE = YES_ERROR;
				CLANG_WARN_DOCUMENTATION_COMMENTS = YES;
				CLANG_WARN_EMPTY_BODY = YES;
				CLANG_WARN_ENUM_CONVERSION = YES;
				CLANG_WARN_INFINITE_RECURSION = YES;
				CLANG_WARN_INT_CONVERSION = YES;
				CLANG_WARN_NON_LITERAL_NULL_CONVERSION = YES;
				CLANG_WARN_OBJC_IMPLICIT_RETAIN_SELF = YES;
				CLANG_WARN_OBJC_LITERAL_CONVERSION = YES;
				CLANG_WARN_OBJC_ROOT_CLASS = YES_ERROR;
				CLANG_WARN_QUOTED_INCLUDE_IN_FRAMEWORK_HEADER = YES;
				CLANG_WARN_RANGE_LOOP_ANALYSIS = YES;
				CLANG_WARN_STRICT_PROTOTYPES = YES;
				CLANG_WARN_SUSPICIOUS_MOVE = YES;
				CLANG_WARN_UNGUARDED_AVAILABILITY = YES_AGGRESSIVE;
				CLANG_WARN_UNREACHABLE_CODE = YES;
				CLANG_WARN__DUPLICATE_METHOD_MATCH = YES;
				COPY_PHASE_STRIP = NO;
				DEBUG_INFORMATION_FORMAT = dwarf;
				ENABLE_STRICT_OBJC_MSGSEND = YES;
				ENABLE_TESTABILITY = YES;
				ENABLE_USER_SCRIPT_SANDBOXING = YES;
				GCC_C_LANGUAGE_STANDARD = gnu17;
				GCC_DYNAMIC_NO_PIC = NO;
				GCC_NO_COMMON_BLOCKS = YES;
				GCC_OPTIMIZATION_LEVEL = 0;
				GCC_PREPROCESSOR_DEFINITIONS = (
					"DEBUG=1",
					"$(inherited)",
				);
				GCC_WARN_64_TO_32_BIT_CONVERSION = YES;
				GCC_WARN_ABOUT_RETURN_TYPE = YES_ERROR;
				GCC_WARN_UNDECLARED_SELECTOR = YES;
				GCC_WARN_UNINITIALIZED_AUTOS = YES_AGGRESSIVE;
				GCC_WARN_UNUSED_FUNCTION = YES;
				GCC_WARN_UNUSED_VARIABLE = YES;
				IPHONEOS_DEPLOYMENT_TARGET = 17.5;
				LOCALIZATION_PREFERS_STRING_CATALOGS = YES;
				MTL_ENABLE_DEBUG_INFO = INCLUDE_SOURCE;
				MTL_FAST_MATH = YES;
				ONLY_ACTIVE_ARCH = YES;
				SDKROOT = iphoneos;
				SWIFT_ACTIVE_COMPILATION_CONDITIONS = "DEBUG $(inherited)";
				SWIFT_OPTIMIZATION_LEVEL = "-Onone";
			};
			name = Debug;
		};
		7D34C7852C5C828400D803EB /* Release */ = {
			isa = XCBuildConfiguration;
			buildSettings = {
				ALWAYS_SEARCH_USER_PATHS = NO;
				ASSETCATALOG_COMPILER_GENERATE_SWIFT_ASSET_SYMBOL_EXTENSIONS = YES;
				CLANG_ANALYZER_NONNULL = YES;
				CLANG_ANALYZER_NUMBER_OBJECT_CONVERSION = YES_AGGRESSIVE;
				CLANG_CXX_LANGUAGE_STANDARD = "gnu++20";
				CLANG_ENABLE_MODULES = YES;
				CLANG_ENABLE_OBJC_ARC = YES;
				CLANG_ENABLE_OBJC_WEAK = YES;
				CLANG_WARN_BLOCK_CAPTURE_AUTORELEASING = YES;
				CLANG_WARN_BOOL_CONVERSION = YES;
				CLANG_WARN_COMMA = YES;
				CLANG_WARN_CONSTANT_CONVERSION = YES;
				CLANG_WARN_DEPRECATED_OBJC_IMPLEMENTATIONS = YES;
				CLANG_WARN_DIRECT_OBJC_ISA_USAGE = YES_ERROR;
				CLANG_WARN_DOCUMENTATION_COMMENTS = YES;
				CLANG_WARN_EMPTY_BODY = YES;
				CLANG_WARN_ENUM_CONVERSION = YES;
				CLANG_WARN_INFINITE_RECURSION = YES;
				CLANG_WARN_INT_CONVERSION = YES;
				CLANG_WARN_NON_LITERAL_NULL_CONVERSION = YES;
				CLANG_WARN_OBJC_IMPLICIT_RETAIN_SELF = YES;
				CLANG_WARN_OBJC_LITERAL_CONVERSION = YES;
				CLANG_WARN_OBJC_ROOT_CLASS = YES_ERROR;
				CLANG_WARN_QUOTED_INCLUDE_IN_FRAMEWORK_HEADER = YES;
				CLANG_WARN_RANGE_LOOP_ANALYSIS = YES;
				CLANG_WARN_STRICT_PROTOTYPES = YES;
				CLANG_WARN_SUSPICIOUS_MOVE = YES;
				CLANG_WARN_UNGUARDED_AVAILABILITY = YES_AGGRESSIVE;
				CLANG_WARN_UNREACHABLE_CODE = YES;
				CLANG_WARN__DUPLICATE_METHOD_MATCH = YES;
				COPY_PHASE_STRIP = NO;
				DEBUG_INFORMATION_FORMAT = "dwarf-with-dsym";
				ENABLE_NS_ASSERTIONS = NO;
				ENABLE_STRICT_OBJC_MSGSEND = YES;
				ENABLE_USER_SCRIPT_SANDBOXING = YES;
				GCC_C_LANGUAGE_STANDARD = gnu17;
				GCC_NO_COMMON_BLOCKS = YES;
				GCC_WARN_64_TO_32_BIT_CONVERSION = YES;
				GCC_WARN_ABOUT_RETURN_TYPE = YES_ERROR;
				GCC_WARN_UNDECLARED_SELECTOR = YES;
				GCC_WARN_UNINITIALIZED_AUTOS = YES_AGGRESSIVE;
				GCC_WARN_UNUSED_FUNCTION = YES;
				GCC_WARN_UNUSED_VARIABLE = YES;
				IPHONEOS_DEPLOYMENT_TARGET = 17.5;
				LOCALIZATION_PREFERS_STRING_CATALOGS = YES;
				MTL_ENABLE_DEBUG_INFO = NO;
				MTL_FAST_MATH = YES;
				SDKROOT = iphoneos;
				SWIFT_COMPILATION_MODE = wholemodule;
				VALIDATE_PRODUCT = YES;
			};
			name = Release;
		};
		7D34C7872C5C828400D803EB /* Debug */ = {
			isa = XCBuildConfiguration;
			buildSettings = {
				ASSETCATALOG_COMPILER_APPICON_NAME = AppIcon;
				ASSETCATALOG_COMPILER_GLOBAL_ACCENT_COLOR_NAME = AccentColor;
				CODE_SIGN_STYLE = Automatic;
				CURRENT_PROJECT_VERSION = 1;
				DEVELOPMENT_ASSET_PATHS = "\"MindSpace/Preview Content\"";
				DEVELOPMENT_TEAM = NP9U8U4U2G;
				ENABLE_PREVIEWS = YES;
				GENERATE_INFOPLIST_FILE = YES;
				INFOPLIST_FILE = MindSpace/Info.plist;
				INFOPLIST_KEY_UIApplicationSceneManifest_Generation = YES;
				INFOPLIST_KEY_UIApplicationSupportsIndirectInputEvents = YES;
				INFOPLIST_KEY_UILaunchScreen_Generation = YES;
				INFOPLIST_KEY_UISupportedInterfaceOrientations_iPad = "UIInterfaceOrientationPortrait UIInterfaceOrientationPortraitUpsideDown UIInterfaceOrientationLandscapeLeft UIInterfaceOrientationLandscapeRight";
				INFOPLIST_KEY_UISupportedInterfaceOrientations_iPhone = "UIInterfaceOrientationPortrait UIInterfaceOrientationLandscapeLeft UIInterfaceOrientationLandscapeRight";
				LD_RUNPATH_SEARCH_PATHS = (
					"$(inherited)",
					"@executable_path/Frameworks",
				);
				MARKETING_VERSION = 1.0;
				PRODUCT_BUNDLE_IDENTIFIER = kwk.MindSpace;
				PRODUCT_NAME = "$(TARGET_NAME)";
				SWIFT_EMIT_LOC_STRINGS = YES;
				SWIFT_VERSION = 5.0;
				TARGETED_DEVICE_FAMILY = "1,2";
			};
			name = Debug;
		};
		7D34C7882C5C828400D803EB /* Release */ = {
			isa = XCBuildConfiguration;
			buildSettings = {
				ASSETCATALOG_COMPILER_APPICON_NAME = AppIcon;
				ASSETCATALOG_COMPILER_GLOBAL_ACCENT_COLOR_NAME = AccentColor;
				CODE_SIGN_STYLE = Automatic;
				CURRENT_PROJECT_VERSION = 1;
				DEVELOPMENT_ASSET_PATHS = "\"MindSpace/Preview Content\"";
				DEVELOPMENT_TEAM = NP9U8U4U2G;
				ENABLE_PREVIEWS = YES;
				GENERATE_INFOPLIST_FILE = YES;
				INFOPLIST_FILE = MindSpace/Info.plist;
				INFOPLIST_KEY_UIApplicationSceneManifest_Generation = YES;
				INFOPLIST_KEY_UIApplicationSupportsIndirectInputEvents = YES;
				INFOPLIST_KEY_UILaunchScreen_Generation = YES;
				INFOPLIST_KEY_UISupportedInterfaceOrientations_iPad = "UIInterfaceOrientationPortrait UIInterfaceOrientationPortraitUpsideDown UIInterfaceOrientationLandscapeLeft UIInterfaceOrientationLandscapeRight";
				INFOPLIST_KEY_UISupportedInterfaceOrientations_iPhone = "UIInterfaceOrientationPortrait UIInterfaceOrientationLandscapeLeft UIInterfaceOrientationLandscapeRight";
				LD_RUNPATH_SEARCH_PATHS = (
					"$(inherited)",
					"@executable_path/Frameworks",
				);
				MARKETING_VERSION = 1.0;
				PRODUCT_BUNDLE_IDENTIFIER = kwk.MindSpace;
				PRODUCT_NAME = "$(TARGET_NAME)";
				SWIFT_EMIT_LOC_STRINGS = YES;
				SWIFT_VERSION = 5.0;
				TARGETED_DEVICE_FAMILY = "1,2";
			};
			name = Release;
		};
/* End XCBuildConfiguration section */

/* Begin XCConfigurationList section */
		7D34C7732C5C828100D803EB /* Build configuration list for PBXProject "MindSpace" */ = {
			isa = XCConfigurationList;
			buildConfigurations = (
				7D34C7842C5C828400D803EB /* Debug */,
				7D34C7852C5C828400D803EB /* Release */,
			);
			defaultConfigurationIsVisible = 0;
			defaultConfigurationName = Release;
		};
		7D34C7862C5C828400D803EB /* Build configuration list for PBXNativeTarget "MindSpace" */ = {
			isa = XCConfigurationList;
			buildConfigurations = (
				7D34C7872C5C828400D803EB /* Debug */,
				7D34C7882C5C828400D803EB /* Release */,
			);
			defaultConfigurationIsVisible = 0;
			defaultConfigurationName = Release;
		};
/* End XCConfigurationList section */
	};
	rootObject = 7D34C7702C5C828100D803EB /* Project object */;
}
